// !$*UTF8*$!
{
	archiveVersion = 1;
	classes = {
	};
	objectVersion = 46;
	objects = {

/* Begin PBXBuildFile section */
		277F738F19C135C700699C5E /* Foundation.framework in Frameworks */ = {isa = PBXBuildFile; fileRef = 277F738E19C135C700699C5E /* Foundation.framework */; };
		277F739119C135C700699C5E /* CoreGraphics.framework in Frameworks */ = {isa = PBXBuildFile; fileRef = 277F739019C135C700699C5E /* CoreGraphics.framework */; };
		277F739319C135C700699C5E /* UIKit.framework in Frameworks */ = {isa = PBXBuildFile; fileRef = 277F739219C135C700699C5E /* UIKit.framework */; };
		277F739919C135C700699C5E /* InfoPlist.strings in Resources */ = {isa = PBXBuildFile; fileRef = 277F739719C135C700699C5E /* InfoPlist.strings */; };
		277F739B19C135C700699C5E /* main.m in Sources */ = {isa = PBXBuildFile; fileRef = 277F739A19C135C700699C5E /* main.m */; };
		277F739F19C135C700699C5E /* DMAppDelegate.m in Sources */ = {isa = PBXBuildFile; fileRef = 277F739E19C135C700699C5E /* DMAppDelegate.m */; };
		277F73A219C135C700699C5E /* Main.storyboard in Resources */ = {isa = PBXBuildFile; fileRef = 277F73A019C135C700699C5E /* Main.storyboard */; };
		277F73A519C135C700699C5E /* DMViewController.m in Sources */ = {isa = PBXBuildFile; fileRef = 277F73A419C135C700699C5E /* DMViewController.m */; };
		277F73A719C135C700699C5E /* Images.xcassets in Resources */ = {isa = PBXBuildFile; fileRef = 277F73A619C135C700699C5E /* Images.xcassets */; };
		277F73AE19C135C700699C5E /* XCTest.framework in Frameworks */ = {isa = PBXBuildFile; fileRef = 277F73AD19C135C700699C5E /* XCTest.framework */; };
		277F73AF19C135C700699C5E /* Foundation.framework in Frameworks */ = {isa = PBXBuildFile; fileRef = 277F738E19C135C700699C5E /* Foundation.framework */; };
		277F73B019C135C700699C5E /* UIKit.framework in Frameworks */ = {isa = PBXBuildFile; fileRef = 277F739219C135C700699C5E /* UIKit.framework */; };
		277F73B819C135C700699C5E /* InfoPlist.strings in Resources */ = {isa = PBXBuildFile; fileRef = 277F73B619C135C700699C5E /* InfoPlist.strings */; };
		277F73BA19C135C700699C5E /* MutipleImagePickerDMTests.m in Sources */ = {isa = PBXBuildFile; fileRef = 277F73B919C135C700699C5E /* MutipleImagePickerDMTests.m */; };
/* End PBXBuildFile section */

/* Begin PBXContainerItemProxy section */
		277F73B119C135C700699C5E /* PBXContainerItemProxy */ = {
			isa = PBXContainerItemProxy;
			containerPortal = 277F738319C135C700699C5E /* Project object */;
			proxyType = 1;
			remoteGlobalIDString = 277F738A19C135C700699C5E;
			remoteInfo = MutipleImagePickerDM;
		};
/* End PBXContainerItemProxy section */

/* Begin PBXFileReference section */
		277F738B19C135C700699C5E /* MutipleImagePickerDM.app */ = {isa = PBXFileReference; explicitFileType = wrapper.application; includeInIndex = 0; path = MutipleImagePickerDM.app; sourceTree = BUILT_PRODUCTS_DIR; };
		277F738E19C135C700699C5E /* Foundation.framework */ = {isa = PBXFileReference; lastKnownFileType = wrapper.framework; name = Foundation.framework; path = System/Library/Frameworks/Foundation.framework; sourceTree = SDKROOT; };
		277F739019C135C700699C5E /* CoreGraphics.framework */ = {isa = PBXFileReference; lastKnownFileType = wrapper.framework; name = CoreGraphics.framework; path = System/Library/Frameworks/CoreGraphics.framework; sourceTree = SDKROOT; };
		277F739219C135C700699C5E /* UIKit.framework */ = {isa = PBXFileReference; lastKnownFileType = wrapper.framework; name = UIKit.framework; path = System/Library/Frameworks/UIKit.framework; sourceTree = SDKROOT; };
		277F739619C135C700699C5E /* MutipleImagePickerDM-Info.plist */ = {isa = PBXFileReference; lastKnownFileType = text.plist.xml; path = "MutipleImagePickerDM-Info.plist"; sourceTree = "<group>"; };
		277F739819C135C700699C5E /* en */ = {isa = PBXFileReference; lastKnownFileType = text.plist.strings; name = en; path = en.lproj/InfoPlist.strings; sourceTree = "<group>"; };
		277F739A19C135C700699C5E /* main.m */ = {isa = PBXFileReference; lastKnownFileType = sourcecode.c.objc; path = main.m; sourceTree = "<group>"; };
		277F739C19C135C700699C5E /* MutipleImagePickerDM-Prefix.pch */ = {isa = PBXFileReference; lastKnownFileType = sourcecode.c.h; path = "MutipleImagePickerDM-Prefix.pch"; sourceTree = "<group>"; };
		277F739D19C135C700699C5E /* DMAppDelegate.h */ = {isa = PBXFileReference; lastKnownFileType = sourcecode.c.h; path = DMAppDelegate.h; sourceTree = "<group>"; };
		277F739E19C135C700699C5E /* DMAppDelegate.m */ = {isa = PBXFileReference; lastKnownFileType = sourcecode.c.objc; path = DMAppDelegate.m; sourceTree = "<group>"; };
		277F73A119C135C700699C5E /* Base */ = {isa = PBXFileReference; lastKnownFileType = file.storyboard; name = Base; path = Base.lproj/Main.storyboard; sourceTree = "<group>"; };
		277F73A319C135C700699C5E /* DMViewController.h */ = {isa = PBXFileReference; lastKnownFileType = sourcecode.c.h; path = DMViewController.h; sourceTree = "<group>"; };
		277F73A419C135C700699C5E /* DMViewController.m */ = {isa = PBXFileReference; lastKnownFileType = sourcecode.c.objc; path = DMViewController.m; sourceTree = "<group>"; };
		277F73A619C135C700699C5E /* Images.xcassets */ = {isa = PBXFileReference; lastKnownFileType = folder.assetcatalog; path = Images.xcassets; sourceTree = "<group>"; };
		277F73AC19C135C700699C5E /* MutipleImagePickerDMTests.xctest */ = {isa = PBXFileReference; explicitFileType = wrapper.cfbundle; includeInIndex = 0; path = MutipleImagePickerDMTests.xctest; sourceTree = BUILT_PRODUCTS_DIR; };
		277F73AD19C135C700699C5E /* XCTest.framework */ = {isa = PBXFileReference; lastKnownFileType = wrapper.framework; name = XCTest.framework; path = Library/Frameworks/XCTest.framework; sourceTree = DEVELOPER_DIR; };
		277F73B519C135C700699C5E /* MutipleImagePickerDMTests-Info.plist */ = {isa = PBXFileReference; lastKnownFileType = text.plist.xml; path = "MutipleImagePickerDMTests-Info.plist"; sourceTree = "<group>"; };
		277F73B719C135C700699C5E /* en */ = {isa = PBXFileReference; lastKnownFileType = text.plist.strings; name = en; path = en.lproj/InfoPlist.strings; sourceTree = "<group>"; };
		277F73B919C135C700699C5E /* MutipleImagePickerDMTests.m */ = {isa = PBXFileReference; lastKnownFileType = sourcecode.c.objc; path = MutipleImagePickerDMTests.m; sourceTree = "<group>"; };
/* End PBXFileReference section */

/* Begin PBXFrameworksBuildPhase section */
		277F738819C135C700699C5E /* Frameworks */ = {
			isa = PBXFrameworksBuildPhase;
			buildActionMask = 2147483647;
			files = (
				277F739119C135C700699C5E /* CoreGraphics.framework in Frameworks */,
				277F739319C135C700699C5E /* UIKit.framework in Frameworks */,
				277F738F19C135C700699C5E /* Foundation.framework in Frameworks */,
			);
			runOnlyForDeploymentPostprocessing = 0;
		};
		277F73A919C135C700699C5E /* Frameworks */ = {
			isa = PBXFrameworksBuildPhase;
			buildActionMask = 2147483647;
			files = (
				277F73AE19C135C700699C5E /* XCTest.framework in Frameworks */,
				277F73B019C135C700699C5E /* UIKit.framework in Frameworks */,
				277F73AF19C135C700699C5E /* Foundation.framework in Frameworks */,
			);
			runOnlyForDeploymentPostprocessing = 0;
		};
/* End PBXFrameworksBuildPhase section */

/* Begin PBXGroup section */
		277F738219C135C700699C5E = {
			isa = PBXGroup;
			children = (
				277F739419C135C700699C5E /* MutipleImagePickerDM */,
				277F73B319C135C700699C5E /* MutipleImagePickerDMTests */,
				277F738D19C135C700699C5E /* Frameworks */,
				277F738C19C135C700699C5E /* Products */,
			);
			sourceTree = "<group>";
		};
		277F738C19C135C700699C5E /* Products */ = {
			isa = PBXGroup;
			children = (
				277F738B19C135C700699C5E /* MutipleImagePickerDM.app */,
				277F73AC19C135C700699C5E /* MutipleImagePickerDMTests.xctest */,
			);
			name = Products;
			sourceTree = "<group>";
		};
		277F738D19C135C700699C5E /* Frameworks */ = {
			isa = PBXGroup;
			children = (
				277F738E19C135C700699C5E /* Foundation.framework */,
				277F739019C135C700699C5E /* CoreGraphics.framework */,
				277F739219C135C700699C5E /* UIKit.framework */,
				277F73AD19C135C700699C5E /* XCTest.framework */,
			);
			name = Frameworks;
			sourceTree = "<group>";
		};
		277F739419C135C700699C5E /* MutipleImagePickerDM */ = {
			isa = PBXGroup;
			children = (
				277F739D19C135C700699C5E /* DMAppDelegate.h */,
				277F739E19C135C700699C5E /* DMAppDelegate.m */,
				277F73A019C135C700699C5E /* Main.storyboard */,
				277F73A319C135C700699C5E /* DMViewController.h */,
				277F73A419C135C700699C5E /* DMViewController.m */,
				277F73A619C135C700699C5E /* Images.xcassets */,
				277F739519C135C700699C5E /* Supporting Files */,
			);
			path = MutipleImagePickerDM;
			sourceTree = "<group>";
		};
		277F739519C135C700699C5E /* Supporting Files */ = {
			isa = PBXGroup;
			children = (
				277F739619C135C700699C5E /* MutipleImagePickerDM-Info.plist */,
				277F739719C135C700699C5E /* InfoPlist.strings */,
				277F739A19C135C700699C5E /* main.m */,
				277F739C19C135C700699C5E /* MutipleImagePickerDM-Prefix.pch */,
			);
			name = "Supporting Files";
			sourceTree = "<group>";
		};
		277F73B319C135C700699C5E /* MutipleImagePickerDMTests */ = {
			isa = PBXGroup;
			children = (
				277F73B919C135C700699C5E /* MutipleImagePickerDMTests.m */,
				277F73B419C135C700699C5E /* Supporting Files */,
			);
			path = MutipleImagePickerDMTests;
			sourceTree = "<group>";
		};
		277F73B419C135C700699C5E /* Supporting Files */ = {
			isa = PBXGroup;
			children = (
				277F73B519C135C700699C5E /* MutipleImagePickerDMTests-Info.plist */,
				277F73B619C135C700699C5E /* InfoPlist.strings */,
			);
			name = "Supporting Files";
			sourceTree = "<group>";
		};
/* End PBXGroup section */

/* Begin PBXNativeTarget section */
		277F738A19C135C700699C5E /* MutipleImagePickerDM */ = {
			isa = PBXNativeTarget;
			buildConfigurationList = 277F73BD19C135C700699C5E /* Build configuration list for PBXNativeTarget "MutipleImagePickerDM" */;
			buildPhases = (
				277F738719C135C700699C5E /* Sources */,
				277F738819C135C700699C5E /* Frameworks */,
				277F738919C135C700699C5E /* Resources */,
			);
			buildRules = (
			);
			dependencies = (
			);
			name = MutipleImagePickerDM;
			productName = MutipleImagePickerDM;
			productReference = 277F738B19C135C700699C5E /* MutipleImagePickerDM.app */;
			productType = "com.apple.product-type.application";
		};
		277F73AB19C135C700699C5E /* MutipleImagePickerDMTests */ = {
			isa = PBXNativeTarget;
			buildConfigurationList = 277F73C019C135C700699C5E /* Build configuration list for PBXNativeTarget "MutipleImagePickerDMTests" */;
			buildPhases = (
				277F73A819C135C700699C5E /* Sources */,
				277F73A919C135C700699C5E /* Frameworks */,
				277F73AA19C135C700699C5E /* Resources */,
			);
			buildRules = (
			);
			dependencies = (
				277F73B219C135C700699C5E /* PBXTargetDependency */,
			);
			name = MutipleImagePickerDMTests;
			productName = MutipleImagePickerDMTests;
			productReference = 277F73AC19C135C700699C5E /* MutipleImagePickerDMTests.xctest */;
			productType = "com.apple.product-type.bundle.unit-test";
		};
/* End PBXNativeTarget section */

/* Begin PBXProject section */
		277F738319C135C700699C5E /* Project object */ = {
			isa = PBXProject;
			attributes = {
				CLASSPREFIX = DM;
				LastUpgradeCheck = 0510;
				ORGANIZATIONNAME = "Jiao Liu";
				TargetAttributes = {
					277F73AB19C135C700699C5E = {
						TestTargetID = 277F738A19C135C700699C5E;
					};
				};
			};
			buildConfigurationList = 277F738619C135C700699C5E /* Build configuration list for PBXProject "MutipleImagePickerDM" */;
			compatibilityVersion = "Xcode 3.2";
			developmentRegion = English;
			hasScannedForEncodings = 0;
			knownRegions = (
				en,
				Base,
			);
			mainGroup = 277F738219C135C700699C5E;
			productRefGroup = 277F738C19C135C700699C5E /* Products */;
			projectDirPath = "";
			projectRoot = "";
			targets = (
				277F738A19C135C700699C5E /* MutipleImagePickerDM */,
				277F73AB19C135C700699C5E /* MutipleImagePickerDMTests */,
			);
		};
/* End PBXProject section */

/* Begin PBXResourcesBuildPhase section */
		277F738919C135C700699C5E /* Resources */ = {
			isa = PBXResourcesBuildPhase;
			buildActionMask = 2147483647;
			files = (
				277F73A719C135C700699C5E /* Images.xcassets in Resources */,
				277F739919C135C700699C5E /* InfoPlist.strings in Resources */,
				277F73A219C135C700699C5E /* Main.storyboard in Resources */,
			);
			runOnlyForDeploymentPostprocessing = 0;
		};
		277F73AA19C135C700699C5E /* Resources */ = {
			isa = PBXResourcesBuildPhase;
			buildActionMask = 2147483647;
			files = (
				277F73B819C135C700699C5E /* InfoPlist.strings in Resources */,
			);
			runOnlyForDeploymentPostprocessing = 0;
		};
/* End PBXResourcesBuildPhase section */

/* Begin PBXSourcesBuildPhase section */
		277F738719C135C700699C5E /* Sources */ = {
			isa = PBXSourcesBuildPhase;
			buildActionMask = 2147483647;
			files = (
				277F739B19C135C700699C5E /* main.m in Sources */,
				277F73A519C135C700699C5E /* DMViewController.m in Sources */,
				277F739F19C135C700699C5E /* DMAppDelegate.m in Sources */,
			);
			runOnlyForDeploymentPostprocessing = 0;
		};
		277F73A819C135C700699C5E /* Sources */ = {
			isa = PBXSourcesBuildPhase;
			buildActionMask = 2147483647;
			files = (
				277F73BA19C135C700699C5E /* MutipleImagePickerDMTests.m in Sources */,
			);
			runOnlyForDeploymentPostprocessing = 0;
		};
/* End PBXSourcesBuildPhase section */

/* Begin PBXTargetDependency section */
		277F73B219C135C700699C5E /* PBXTargetDependency */ = {
			isa = PBXTargetDependency;
			target = 277F738A19C135C700699C5E /* MutipleImagePickerDM */;
			targetProxy = 277F73B119C135C700699C5E /* PBXContainerItemProxy */;
		};
/* End PBXTargetDependency section */

/* Begin PBXVariantGroup section */
		277F739719C135C700699C5E /* InfoPlist.strings */ = {
			isa = PBXVariantGroup;
			children = (
				277F739819C135C700699C5E /* en */,
			);
			name = InfoPlist.strings;
			sourceTree = "<group>";
		};
		277F73A019C135C700699C5E /* Main.storyboard */ = {
			isa = PBXVariantGroup;
			children = (
				277F73A119C135C700699C5E /* Base */,
			);
			name = Main.storyboard;
			sourceTree = "<group>";
		};
		277F73B619C135C700699C5E /* InfoPlist.strings */ = {
			isa = PBXVariantGroup;
			children = (
				277F73B719C135C700699C5E /* en */,
			);
			name = InfoPlist.strings;
			sourceTree = "<group>";
		};
/* End PBXVariantGroup section */

/* Begin XCBuildConfiguration section */
		277F73BB19C135C700699C5E /* Debug */ = {
			isa = XCBuildConfiguration;
			buildSettings = {
				ALWAYS_SEARCH_USER_PATHS = NO;
				CLANG_CXX_LANGUAGE_STANDARD = "gnu++0x";
				CLANG_CXX_LIBRARY = "libc++";
				CLANG_ENABLE_MODULES = YES;
				CLANG_ENABLE_OBJC_ARC = YES;
				CLANG_WARN_BOOL_CONVERSION = YES;
				CLANG_WARN_CONSTANT_CONVERSION = YES;
				CLANG_WARN_DIRECT_OBJC_ISA_USAGE = YES_ERROR;
				CLANG_WARN_EMPTY_BODY = YES;
				CLANG_WARN_ENUM_CONVERSION = YES;
				CLANG_WARN_INT_CONVERSION = YES;
				CLANG_WARN_OBJC_ROOT_CLASS = YES_ERROR;
				CLANG_WARN__DUPLICATE_METHOD_MATCH = YES;
				"CODE_SIGN_IDENTITY[sdk=iphoneos*]" = "iPhone Developer";
				COPY_PHASE_STRIP = NO;
				GCC_C_LANGUAGE_STANDARD = gnu99;
				GCC_DYNAMIC_NO_PIC = NO;
				GCC_OPTIMIZATION_LEVEL = 0;
				GCC_PREPROCESSOR_DEFINITIONS = (
					"DEBUG=1",
					"$(inherited)",
				);
				GCC_SYMBOLS_PRIVATE_EXTERN = NO;
				GCC_WARN_64_TO_32_BIT_CONVERSION = YES;
				GCC_WARN_ABOUT_RETURN_TYPE = YES_ERROR;
				GCC_WARN_UNDECLARED_SELECTOR = YES;
				GCC_WARN_UNINITIALIZED_AUTOS = YES_AGGRESSIVE;
				GCC_WARN_UNUSED_FUNCTION = YES;
				GCC_WARN_UNUSED_VARIABLE = YES;
				IPHONEOS_DEPLOYMENT_TARGET = 7.1;
				ONLY_ACTIVE_ARCH = YES;
				SDKROOT = iphoneos;
			};
			name = Debug;
		};
		277F73BC19C135C700699C5E /* Release */ = {
			isa = XCBuildConfiguration;
			buildSettings = {
				ALWAYS_SEARCH_USER_PATHS = NO;
				CLANG_CXX_LANGUAGE_STANDARD = "gnu++0x";
				CLANG_CXX_LIBRARY = "libc++";
				CLANG_ENABLE_MODULES = YES;
				CLANG_ENABLE_OBJC_ARC = YES;
				CLANG_WARN_BOOL_CONVERSION = YES;
				CLANG_WARN_CONSTANT_CONVERSION = YES;
				CLANG_WARN_DIRECT_OBJC_ISA_USAGE = YES_ERROR;
				CLANG_WARN_EMPTY_BODY = YES;
				CLANG_WARN_ENUM_CONVERSION = YES;
				CLANG_WARN_INT_CONVERSION = YES;
				CLANG_WARN_OBJC_ROOT_CLASS = YES_ERROR;
				CLANG_WARN__DUPLICATE_METHOD_MATCH = YES;
				"CODE_SIGN_IDENTITY[sdk=iphoneos*]" = "iPhone Developer";
				COPY_PHASE_STRIP = YES;
				ENABLE_NS_ASSERTIONS = NO;
				GCC_C_LANGUAGE_STANDARD = gnu99;
				GCC_WARN_64_TO_32_BIT_CONVERSION = YES;
				GCC_WARN_ABOUT_RETURN_TYPE = YES_ERROR;
				GCC_WARN_UNDECLARED_SELECTOR = YES;
				GCC_WARN_UNINITIALIZED_AUTOS = YES_AGGRESSIVE;
				GCC_WARN_UNUSED_FUNCTION = YES;
				GCC_WARN_UNUSED_VARIABLE = YES;
				IPHONEOS_DEPLOYMENT_TARGET = 7.1;
				SDKROOT = iphoneos;
				VALIDATE_PRODUCT = YES;
			};
			name = Release;
		};
		277F73BE19C135C700699C5E /* Debug */ = {
			isa = XCBuildConfiguration;
			buildSettings = {
				ASSETCATALOG_COMPILER_APPICON_NAME = AppIcon;
				ASSETCATALOG_COMPILER_LAUNCHIMAGE_NAME = LaunchImage;
				GCC_PRECOMPILE_PREFIX_HEADER = YES;
				GCC_PREFIX_HEADER = "MutipleImagePickerDM/MutipleImagePickerDM-Prefix.pch";
				INFOPLIST_FILE = "MutipleImagePickerDM/MutipleImagePickerDM-Info.plist";
				PRODUCT_NAME = "$(TARGET_NAME)";
				WRAPPER_EXTENSION = app;
			};
			name = Debug;
		};
		277F73BF19C135C700699C5E /* Release */ = {
			isa = XCBuildConfiguration;
			buildSettings = {
				ASSETCATALOG_COMPILER_APPICON_NAME = AppIcon;
				ASSETCATALOG_COMPILER_LAUNCHIMAGE_NAME = LaunchImage;
				GCC_PRECOMPILE_PREFIX_HEADER = YES;
				GCC_PREFIX_HEADER = "MutipleImagePickerDM/MutipleImagePickerDM-Prefix.pch";
				INFOPLIST_FILE = "MutipleImagePickerDM/MutipleImagePickerDM-Info.plist";
				PRODUCT_NAME = "$(TARGET_NAME)";
				WRAPPER_EXTENSION = app;
			};
			name = Release;
		};
		277F73C119C135C700699C5E /* Debug */ = {
			isa = XCBuildConfiguration;
			buildSettings = {
				BUNDLE_LOADER = "$(BUILT_PRODUCTS_DIR)/MutipleImagePickerDM.app/MutipleImagePickerDM";
				FRAMEWORK_SEARCH_PATHS = (
					"$(SDKROOT)/Developer/Library/Frameworks",
					"$(inherited)",
					"$(DEVELOPER_FRAMEWORKS_DIR)",
				);
				GCC_PRECOMPILE_PREFIX_HEADER = YES;
				GCC_PREFIX_HEADER = "MutipleImagePickerDM/MutipleImagePickerDM-Prefix.pch";
				GCC_PREPROCESSOR_DEFINITIONS = (
					"DEBUG=1",
					"$(inherited)",
				);
				INFOPLIST_FILE = "MutipleImagePickerDMTests/MutipleImagePickerDMTests-Info.plist";
				PRODUCT_NAME = "$(TARGET_NAME)";
				TEST_HOST = "$(BUNDLE_LOADER)";
				WRAPPER_EXTENSION = xctest;
			};
			name = Debug;
		};
		277F73C219C135C700699C5E /* Release */ = {
			isa = XCBuildConfiguration;
			buildSettings = {
				BUNDLE_LOADER = "$(BUILT_PRODUCTS_DIR)/MutipleImagePickerDM.app/MutipleImagePickerDM";
				FRAMEWORK_SEARCH_PATHS = (
					"$(SDKROOT)/Developer/Library/Frameworks",
					"$(inherited)",
					"$(DEVELOPER_FRAMEWORKS_DIR)",
				);
				GCC_PRECOMPILE_PREFIX_HEADER = YES;
				GCC_PREFIX_HEADER = "MutipleImagePickerDM/MutipleImagePickerDM-Prefix.pch";
				INFOPLIST_FILE = "MutipleImagePickerDMTests/MutipleImagePickerDMTests-Info.plist";
				PRODUCT_NAME = "$(TARGET_NAME)";
				TEST_HOST = "$(BUNDLE_LOADER)";
				WRAPPER_EXTENSION = xctest;
			};
			name = Release;
		};
/* End XCBuildConfiguration section */

/* Begin XCConfigurationList section */
		277F738619C135C700699C5E /* Build configuration list for PBXProject "MutipleImagePickerDM" */ = {
			isa = XCConfigurationList;
			buildConfigurations = (
				277F73BB19C135C700699C5E /* Debug */,
				277F73BC19C135C700699C5E /* Release */,
			);
			defaultConfigurationIsVisible = 0;
			defaultConfigurationName = Release;
		};
		277F73BD19C135C700699C5E /* Build configuration list for PBXNativeTarget "MutipleImagePickerDM" */ = {
			isa = XCConfigurationList;
			buildConfigurations = (
				277F73BE19C135C700699C5E /* Debug */,
				277F73BF19C135C700699C5E /* Release */,
			);
			defaultConfigurationIsVisible = 0;
		};
		277F73C019C135C700699C5E /* Build configuration list for PBXNativeTarget "MutipleImagePickerDMTests" */ = {
			isa = XCConfigurationList;
			buildConfigurations = (
				277F73C119C135C700699C5E /* Debug */,
				277F73C219C135C700699C5E /* Release */,
			);
			defaultConfigurationIsVisible = 0;
		};
/* End XCConfigurationList section */
	};
	rootObject = 277F738319C135C700699C5E /* Project object */;
}
